
Microsoft Visual Studio Solution File, Format Version 12.00
# Visual Studio Version 17
VisualStudioVersion = 17.3.32825.248
MinimumVisualStudioVersion = 10.0.40219.1
Project("{9A19103F-16F7-4668-BE54-9A1E7A4F7556}") = "Verdon.Core", "Verdon.Core\Verdon.Core.csproj", "{1A32C319-F43A-4802-AA5E-331AA622B58E}"
EndProject
Project("{9A19103F-16F7-4668-BE54-9A1E7A4F7556}") = "Verdon", "Verdon\Verdon.csproj", "{C2BBAE65-3D1E-4365-9AF2-148D9090A54A}"
EndProject
Global
	GlobalSection(SolutionConfigurationPlatforms) = preSolution
		Debug|Any CPU = Debug|Any CPU
		Release|Any CPU = Release|Any CPU
	EndGlobalSection
	GlobalSection(ProjectConfigurationPlatforms) = postSolution
		{1A32C319-F43A-4802-AA5E-331AA622B58E}.Debug|Any CPU.ActiveCfg = Debug|Any CPU
		{1A32C319-F43A-4802-AA5E-331AA622B58E}.Debug|Any CPU.Build.0 = Debug|Any CPU
		{1A32C319-F43A-4802-AA5E-331AA622B58E}.Release|Any CPU.ActiveCfg = Release|Any CPU
		{1A32C319-F43A-4802-AA5E-331AA622B58E}.Release|Any CPU.Build.0 = Release|Any CPU
		{C2BBAE65-3D1E-4365-9AF2-148D9090A54A}.Debug|Any CPU.ActiveCfg = Debug|Any CPU
		{C2BBAE65-3D1E-4365-9AF2-148D9090A54A}.Debug|Any CPU.Build.0 = Debug|Any CPU
		{C2BBAE65-3D1E-4365-9AF2-148D9090A54A}.Release|Any CPU.ActiveCfg = Release|Any CPU
		{C2BBAE65-3D1E-4365-9AF2-148D9090A54A}.Release|Any CPU.Build.0 = Release|Any CPU
	EndGlobalSection
	GlobalSection(SolutionProperties) = preSolution
		HideSolutionNode = FALSE
	EndGlobalSection
	GlobalSection(ExtensibilityGlobals) = postSolution
		SolutionGuid = {8C2FEDE8-F4AE-44CB-BDFB-DC721911D32B}
	EndGlobalSection
EndGlobal
